// !$*UTF8*$!
{
	archiveVersion = 1;
	classes = {
	};
	objectVersion = 77;
	objects = {

/* Begin PBXBuildFile section */
		8B2AF35D2E1DB57800648F86 /* KeychainSwift in Frameworks */ = {isa = PBXBuildFile; productRef = 8B2AF35C2E1DB57800648F86 /* KeychainSwift */; };
		8B2AF3602E1DB70200648F86 /* SwiftyBeaver in Frameworks */ = {isa = PBXBuildFile; productRef = 8B2AF35F2E1DB70200648F86 /* SwiftyBeaver */; };
		8B5073DF2E851F79007E9C27 /* FirebaseAnalytics in Frameworks */ = {isa = PBXBuildFile; productRef = 8B5073DE2E851F79007E9C27 /* FirebaseAnalytics */; };
		8B5073E12E851F79007E9C27 /* FirebaseAnalyticsCore in Frameworks */ = {isa = PBXBuildFile; productRef = 8B5073E02E851F79007E9C27 /* FirebaseAnalyticsCore */; };
		8B5073E32E851F79007E9C27 /* FirebaseAnalyticsIdentitySupport in Frameworks */ = {isa = PBXBuildFile; productRef = 8B5073E22E851F79007E9C27 /* FirebaseAnalyticsIdentitySupport */; };
		8B5073E52E851F79007E9C27 /* FirebaseCore in Frameworks */ = {isa = PBXBuildFile; productRef = 8B5073E42E851F79007E9C27 /* FirebaseCore */; };
		8B5073E72E851F79007E9C27 /* FirebaseCrashlytics in Frameworks */ = {isa = PBXBuildFile; productRef = 8B5073E62E851F79007E9C27 /* FirebaseCrashlytics */; };
		8B5073E92E851F79007E9C27 /* FirebaseMessaging in Frameworks */ = {isa = PBXBuildFile; productRef = 8B5073E82E851F79007E9C27 /* FirebaseMessaging */; };
		8B6B2B4B2E2878CD00D13D50 /* Nuke in Frameworks */ = {isa = PBXBuildFile; productRef = 8B6B2B4A2E2878CD00D13D50 /* Nuke */; };
		8B6B2B4D2E2878CD00D13D50 /* NukeExtensions in Frameworks */ = {isa = PBXBuildFile; productRef = 8B6B2B4C2E2878CD00D13D50 /* NukeExtensions */; };
		8B6B2B4F2E2878CD00D13D50 /* NukeUI in Frameworks */ = {isa = PBXBuildFile; productRef = 8B6B2B4E2E2878CD00D13D50 /* NukeUI */; };
		8B6B2B512E2878CD00D13D50 /* NukeVideo in Frameworks */ = {isa = PBXBuildFile; productRef = 8B6B2B502E2878CD00D13D50 /* NukeVideo */; };
		8B7C19DC2E1DAE8900DB2D21 /* Factory in Frameworks */ = {isa = PBXBuildFile; productRef = 8B7C19DB2E1DAE8900DB2D21 /* Factory */; };
		8B7C19DE2E1DAE8900DB2D21 /* FactoryKit in Frameworks */ = {isa = PBXBuildFile; productRef = 8B7C19DD2E1DAE8900DB2D21 /* FactoryKit */; };
		8B7C19E32E1DAEEB00DB2D21 /* CombineMoya in Frameworks */ = {isa = PBXBuildFile; productRef = 8B7C19E22E1DAEEB00DB2D21 /* CombineMoya */; };
		8B7C19E52E1DAEEB00DB2D21 /* Moya in Frameworks */ = {isa = PBXBuildFile; productRef = 8B7C19E42E1DAEEB00DB2D21 /* Moya */; };
		8B83650D2E914F1300892B70 /* WatchBuddy Watch App.app in Embed Watch Content */ = {isa = PBXBuildFile; fileRef = 8B8365032E914F1200892B70 /* WatchBuddy Watch App.app */; settings = {ATTRIBUTES = (RemoveHeadersOnCopy, ); }; };
		8BBA1ADA2E8EBD24009CD124 /* Localizable.xcstrings in Resources */ = {isa = PBXBuildFile; fileRef = 8BBA1AD92E8EBD24009CD124 /* Localizable.xcstrings */; };
		8BD3045B2E26392300B17695 /* SocketIO in Frameworks */ = {isa = PBXBuildFile; productRef = 8BD3045A2E26392300B17695 /* SocketIO */; };
		8BE804172E49EE3A00904AC6 /* AppIcon.icon in Resources */ = {isa = PBXBuildFile; fileRef = 8BE804162E49EE3A00904AC6 /* AppIcon.icon */; };
/* End PBXBuildFile section */

/* Begin PBXContainerItemProxy section */
		8B83650B2E914F1300892B70 /* PBXContainerItemProxy */ = {
			isa = PBXContainerItemProxy;
			containerPortal = 8B8DFBDE2CCF771700AB82CC /* Project object */;
			proxyType = 1;
			remoteGlobalIDString = 8B8365022E914F1200892B70;
			remoteInfo = "WatchBuddy Watch App";
		};
		8B8DFBF92CCF771800AB82CC /* PBXContainerItemProxy */ = {
			isa = PBXContainerItemProxy;
			containerPortal = 8B8DFBDE2CCF771700AB82CC /* Project object */;
			proxyType = 1;
			remoteGlobalIDString = 8B8DFBE52CCF771700AB82CC;
			remoteInfo = soap;
		};
		8B8DFC032CCF771800AB82CC /* PBXContainerItemProxy */ = {
			isa = PBXContainerItemProxy;
			containerPortal = 8B8DFBDE2CCF771700AB82CC /* Project object */;
			proxyType = 1;
			remoteGlobalIDString = 8B8DFBE52CCF771700AB82CC;
			remoteInfo = soap;
		};
/* End PBXContainerItemProxy section */

/* Begin PBXCopyFilesBuildPhase section */
		8B8365112E914F1300892B70 /* Embed Watch Content */ = {
			isa = PBXCopyFilesBuildPhase;
			buildActionMask = 2147483647;
			dstPath = "$(CONTENTS_FOLDER_PATH)/Watch";
			dstSubfolderSpec = 16;
			files = (
				8B83650D2E914F1300892B70 /* WatchBuddy Watch App.app in Embed Watch Content */,
			);
			name = "Embed Watch Content";
			runOnlyForDeploymentPostprocessing = 0;
		};
/* End PBXCopyFilesBuildPhase section */

/* Begin PBXFileReference section */
		8B8365032E914F1200892B70 /* WatchBuddy Watch App.app */ = {isa = PBXFileReference; explicitFileType = wrapper.application; includeInIndex = 0; path = "WatchBuddy Watch App.app"; sourceTree = BUILT_PRODUCTS_DIR; };
		8B8DFBE62CCF771700AB82CC /* soap.app */ = {isa = PBXFileReference; explicitFileType = wrapper.application; includeInIndex = 0; path = soap.app; sourceTree = BUILT_PRODUCTS_DIR; };
		8B8DFBF82CCF771800AB82CC /* soapTests.xctest */ = {isa = PBXFileReference; explicitFileType = wrapper.cfbundle; includeInIndex = 0; path = soapTests.xctest; sourceTree = BUILT_PRODUCTS_DIR; };
		8B8DFC022CCF771800AB82CC /* soapUITests.xctest */ = {isa = PBXFileReference; explicitFileType = wrapper.cfbundle; includeInIndex = 0; path = soapUITests.xctest; sourceTree = BUILT_PRODUCTS_DIR; };
		8BBA1AD92E8EBD24009CD124 /* Localizable.xcstrings */ = {isa = PBXFileReference; lastKnownFileType = text.json.xcstrings; path = Localizable.xcstrings; sourceTree = "<group>"; };
		8BE804162E49EE3A00904AC6 /* AppIcon.icon */ = {isa = PBXFileReference; lastKnownFileType = folder.iconcomposer.icon; path = AppIcon.icon; sourceTree = "<group>"; };
/* End PBXFileReference section */

/* Begin PBXFileSystemSynchronizedBuildFileExceptionSet section */
		8B39B6032DE997560045AC36 /* Exceptions for "soap" folder in "soap" target */ = {
			isa = PBXFileSystemSynchronizedBuildFileExceptionSet;
			membershipExceptions = (
				Info.plist,
			);
			target = 8B8DFBE52CCF771700AB82CC /* soap */;
		};
/* End PBXFileSystemSynchronizedBuildFileExceptionSet section */

/* Begin PBXFileSystemSynchronizedRootGroup section */
		8B8365042E914F1200892B70 /* WatchBuddy Watch App */ = {
			isa = PBXFileSystemSynchronizedRootGroup;
			path = "WatchBuddy Watch App";
			sourceTree = "<group>";
		};
		8B8DFBE82CCF771700AB82CC /* soap */ = {
			isa = PBXFileSystemSynchronizedRootGroup;
			exceptions = (
				8B39B6032DE997560045AC36 /* Exceptions for "soap" folder in "soap" target */,
			);
			path = soap;
			sourceTree = "<group>";
		};
		8B8DFBFB2CCF771800AB82CC /* soapTests */ = {
			isa = PBXFileSystemSynchronizedRootGroup;
			path = soapTests;
			sourceTree = "<group>";
		};
		8B8DFC052CCF771800AB82CC /* soapUITests */ = {
			isa = PBXFileSystemSynchronizedRootGroup;
			path = soapUITests;
			sourceTree = "<group>";
		};
/* End PBXFileSystemSynchronizedRootGroup section */

/* Begin PBXFrameworksBuildPhase section */
		8B8365002E914F1200892B70 /* Frameworks */ = {
			isa = PBXFrameworksBuildPhase;
			buildActionMask = 2147483647;
			files = (
			);
			runOnlyForDeploymentPostprocessing = 0;
		};
		8B8DFBE32CCF771700AB82CC /* Frameworks */ = {
			isa = PBXFrameworksBuildPhase;
			buildActionMask = 2147483647;
			files = (
				8B5073E92E851F79007E9C27 /* FirebaseMessaging in Frameworks */,
				8B2AF35D2E1DB57800648F86 /* KeychainSwift in Frameworks */,
				8B7C19DE2E1DAE8900DB2D21 /* FactoryKit in Frameworks */,
				8B2AF3602E1DB70200648F86 /* SwiftyBeaver in Frameworks */,
				8B6B2B4F2E2878CD00D13D50 /* NukeUI in Frameworks */,
				8B5073DF2E851F79007E9C27 /* FirebaseAnalytics in Frameworks */,
				8B5073E12E851F79007E9C27 /* FirebaseAnalyticsCore in Frameworks */,
				8B5073E52E851F79007E9C27 /* FirebaseCore in Frameworks */,
				8B6B2B512E2878CD00D13D50 /* NukeVideo in Frameworks */,
				8B6B2B4D2E2878CD00D13D50 /* NukeExtensions in Frameworks */,
				8B7C19E52E1DAEEB00DB2D21 /* Moya in Frameworks */,
				8B7C19E32E1DAEEB00DB2D21 /* CombineMoya in Frameworks */,
				8B5073E32E851F79007E9C27 /* FirebaseAnalyticsIdentitySupport in Frameworks */,
				8B5073E72E851F79007E9C27 /* FirebaseCrashlytics in Frameworks */,
				8B7C19DC2E1DAE8900DB2D21 /* Factory in Frameworks */,
				8BD3045B2E26392300B17695 /* SocketIO in Frameworks */,
				8B6B2B4B2E2878CD00D13D50 /* Nuke in Frameworks */,
			);
			runOnlyForDeploymentPostprocessing = 0;
		};
		8B8DFBF52CCF771800AB82CC /* Frameworks */ = {
			isa = PBXFrameworksBuildPhase;
			buildActionMask = 2147483647;
			files = (
			);
			runOnlyForDeploymentPostprocessing = 0;
		};
		8B8DFBFF2CCF771800AB82CC /* Frameworks */ = {
			isa = PBXFrameworksBuildPhase;
			buildActionMask = 2147483647;
			files = (
			);
			runOnlyForDeploymentPostprocessing = 0;
		};
/* End PBXFrameworksBuildPhase section */

/* Begin PBXGroup section */
		8B8DFBDD2CCF771700AB82CC = {
			isa = PBXGroup;
			children = (
				8BBA1AD92E8EBD24009CD124 /* Localizable.xcstrings */,
				8B8DFBE82CCF771700AB82CC /* soap */,
				8B8DFBFB2CCF771800AB82CC /* soapTests */,
				8B8DFC052CCF771800AB82CC /* soapUITests */,
				8B8365042E914F1200892B70 /* WatchBuddy Watch App */,
				8B8DFBE72CCF771700AB82CC /* Products */,
				8BE804162E49EE3A00904AC6 /* AppIcon.icon */,
			);
			sourceTree = "<group>";
		};
		8B8DFBE72CCF771700AB82CC /* Products */ = {
			isa = PBXGroup;
			children = (
				8B8DFBE62CCF771700AB82CC /* soap.app */,
				8B8DFBF82CCF771800AB82CC /* soapTests.xctest */,
				8B8DFC022CCF771800AB82CC /* soapUITests.xctest */,
				8B8365032E914F1200892B70 /* WatchBuddy Watch App.app */,
			);
			name = Products;
			sourceTree = "<group>";
		};
/* End PBXGroup section */

/* Begin PBXNativeTarget section */
		8B8365022E914F1200892B70 /* WatchBuddy Watch App */ = {
			isa = PBXNativeTarget;
			buildConfigurationList = 8B83650E2E914F1300892B70 /* Build configuration list for PBXNativeTarget "WatchBuddy Watch App" */;
			buildPhases = (
				8B8364FF2E914F1200892B70 /* Sources */,
				8B8365002E914F1200892B70 /* Frameworks */,
				8B8365012E914F1200892B70 /* Resources */,
			);
			buildRules = (
			);
			dependencies = (
			);
			fileSystemSynchronizedGroups = (
				8B8365042E914F1200892B70 /* WatchBuddy Watch App */,
			);
			name = "WatchBuddy Watch App";
			packageProductDependencies = (
			);
			productName = "WatchBuddy Watch App";
			productReference = 8B8365032E914F1200892B70 /* WatchBuddy Watch App.app */;
			productType = "com.apple.product-type.application";
		};
		8B8DFBE52CCF771700AB82CC /* soap */ = {
			isa = PBXNativeTarget;
			buildConfigurationList = 8B8DFC0C2CCF771800AB82CC /* Build configuration list for PBXNativeTarget "soap" */;
			buildPhases = (
				8B8DFBE22CCF771700AB82CC /* Sources */,
				8B8DFBE32CCF771700AB82CC /* Frameworks */,
				8B8DFBE42CCF771700AB82CC /* Resources */,
				8B8365112E914F1300892B70 /* Embed Watch Content */,
			);
			buildRules = (
			);
			dependencies = (
				8B83650C2E914F1300892B70 /* PBXTargetDependency */,
			);
			fileSystemSynchronizedGroups = (
				8B8DFBE82CCF771700AB82CC /* soap */,
			);
			name = soap;
			packageProductDependencies = (
				8B7C19DB2E1DAE8900DB2D21 /* Factory */,
				8B7C19DD2E1DAE8900DB2D21 /* FactoryKit */,
				8B7C19E22E1DAEEB00DB2D21 /* CombineMoya */,
				8B7C19E42E1DAEEB00DB2D21 /* Moya */,
				8B2AF35C2E1DB57800648F86 /* KeychainSwift */,
				8B2AF35F2E1DB70200648F86 /* SwiftyBeaver */,
				8BD3045A2E26392300B17695 /* SocketIO */,
				8B6B2B4A2E2878CD00D13D50 /* Nuke */,
				8B6B2B4C2E2878CD00D13D50 /* NukeExtensions */,
				8B6B2B4E2E2878CD00D13D50 /* NukeUI */,
				8B6B2B502E2878CD00D13D50 /* NukeVideo */,
				8B5073DE2E851F79007E9C27 /* FirebaseAnalytics */,
				8B5073E02E851F79007E9C27 /* FirebaseAnalyticsCore */,
				8B5073E22E851F79007E9C27 /* FirebaseAnalyticsIdentitySupport */,
				8B5073E42E851F79007E9C27 /* FirebaseCore */,
				8B5073E62E851F79007E9C27 /* FirebaseCrashlytics */,
				8B5073E82E851F79007E9C27 /* FirebaseMessaging */,
			);
			productName = soap;
			productReference = 8B8DFBE62CCF771700AB82CC /* soap.app */;
			productType = "com.apple.product-type.application";
		};
		8B8DFBF72CCF771800AB82CC /* soapTests */ = {
			isa = PBXNativeTarget;
			buildConfigurationList = 8B8DFC0F2CCF771800AB82CC /* Build configuration list for PBXNativeTarget "soapTests" */;
			buildPhases = (
				8B8DFBF42CCF771800AB82CC /* Sources */,
				8B8DFBF52CCF771800AB82CC /* Frameworks */,
				8B8DFBF62CCF771800AB82CC /* Resources */,
			);
			buildRules = (
			);
			dependencies = (
				8B8DFBFA2CCF771800AB82CC /* PBXTargetDependency */,
			);
			fileSystemSynchronizedGroups = (
				8B8DFBFB2CCF771800AB82CC /* soapTests */,
			);
			name = soapTests;
			packageProductDependencies = (
			);
			productName = soapTests;
			productReference = 8B8DFBF82CCF771800AB82CC /* soapTests.xctest */;
			productType = "com.apple.product-type.bundle.unit-test";
		};
		8B8DFC012CCF771800AB82CC /* soapUITests */ = {
			isa = PBXNativeTarget;
			buildConfigurationList = 8B8DFC122CCF771800AB82CC /* Build configuration list for PBXNativeTarget "soapUITests" */;
			buildPhases = (
				8B8DFBFE2CCF771800AB82CC /* Sources */,
				8B8DFBFF2CCF771800AB82CC /* Frameworks */,
				8B8DFC002CCF771800AB82CC /* Resources */,
			);
			buildRules = (
			);
			dependencies = (
				8B8DFC042CCF771800AB82CC /* PBXTargetDependency */,
			);
			fileSystemSynchronizedGroups = (
				8B8DFC052CCF771800AB82CC /* soapUITests */,
			);
			name = soapUITests;
			packageProductDependencies = (
			);
			productName = soapUITests;
			productReference = 8B8DFC022CCF771800AB82CC /* soapUITests.xctest */;
			productType = "com.apple.product-type.bundle.ui-testing";
		};
/* End PBXNativeTarget section */

/* Begin PBXProject section */
		8B8DFBDE2CCF771700AB82CC /* Project object */ = {
			isa = PBXProject;
			attributes = {
				BuildIndependentTargetsInParallel = 1;
				LastSwiftUpdateCheck = 2600;
				LastUpgradeCheck = 2600;
				TargetAttributes = {
					8B8365022E914F1200892B70 = {
						CreatedOnToolsVersion = 26.0;
					};
					8B8DFBE52CCF771700AB82CC = {
						CreatedOnToolsVersion = 16.0;
					};
					8B8DFBF72CCF771800AB82CC = {
						CreatedOnToolsVersion = 16.0;
						TestTargetID = 8B8DFBE52CCF771700AB82CC;
					};
					8B8DFC012CCF771800AB82CC = {
						CreatedOnToolsVersion = 16.0;
						TestTargetID = 8B8DFBE52CCF771700AB82CC;
					};
				};
			};
			buildConfigurationList = 8B8DFBE12CCF771700AB82CC /* Build configuration list for PBXProject "soap" */;
			developmentRegion = "en-GB";
			hasScannedForEncodings = 0;
			knownRegions = (
				en,
				Base,
				ko,
				"en-GB",
			);
			mainGroup = 8B8DFBDD2CCF771700AB82CC;
			minimizedProjectReferenceProxies = 1;
			packageReferences = (
				8B7C19DA2E1DAE8900DB2D21 /* XCRemoteSwiftPackageReference "Factory" */,
				8B7C19E12E1DAEEB00DB2D21 /* XCRemoteSwiftPackageReference "Moya" */,
				8B2AF35B2E1DB57800648F86 /* XCRemoteSwiftPackageReference "keychain-swift" */,
				8B2AF35E2E1DB70200648F86 /* XCRemoteSwiftPackageReference "SwiftyBeaver" */,
				8BD304592E26392300B17695 /* XCRemoteSwiftPackageReference "socket" */,
				8B6B2B492E2878CD00D13D50 /* XCRemoteSwiftPackageReference "Nuke" */,
				8B5073DD2E851F79007E9C27 /* XCRemoteSwiftPackageReference "firebase-ios-sdk" */,
			);
			preferredProjectObjectVersion = 77;
			productRefGroup = 8B8DFBE72CCF771700AB82CC /* Products */;
			projectDirPath = "";
			projectRoot = "";
			targets = (
				8B8DFBE52CCF771700AB82CC /* soap */,
				8B8DFBF72CCF771800AB82CC /* soapTests */,
				8B8DFC012CCF771800AB82CC /* soapUITests */,
				8B8365022E914F1200892B70 /* WatchBuddy Watch App */,
			);
		};
/* End PBXProject section */

/* Begin PBXResourcesBuildPhase section */
		8B8365012E914F1200892B70 /* Resources */ = {
			isa = PBXResourcesBuildPhase;
			buildActionMask = 2147483647;
			files = (
			);
			runOnlyForDeploymentPostprocessing = 0;
		};
		8B8DFBE42CCF771700AB82CC /* Resources */ = {
			isa = PBXResourcesBuildPhase;
			buildActionMask = 2147483647;
			files = (
				8BE804172E49EE3A00904AC6 /* AppIcon.icon in Resources */,
				8BBA1ADA2E8EBD24009CD124 /* Localizable.xcstrings in Resources */,
			);
			runOnlyForDeploymentPostprocessing = 0;
		};
		8B8DFBF62CCF771800AB82CC /* Resources */ = {
			isa = PBXResourcesBuildPhase;
			buildActionMask = 2147483647;
			files = (
			);
			runOnlyForDeploymentPostprocessing = 0;
		};
		8B8DFC002CCF771800AB82CC /* Resources */ = {
			isa = PBXResourcesBuildPhase;
			buildActionMask = 2147483647;
			files = (
			);
			runOnlyForDeploymentPostprocessing = 0;
		};
/* End PBXResourcesBuildPhase section */

/* Begin PBXSourcesBuildPhase section */
		8B8364FF2E914F1200892B70 /* Sources */ = {
			isa = PBXSourcesBuildPhase;
			buildActionMask = 2147483647;
			files = (
			);
			runOnlyForDeploymentPostprocessing = 0;
		};
		8B8DFBE22CCF771700AB82CC /* Sources */ = {
			isa = PBXSourcesBuildPhase;
			buildActionMask = 2147483647;
			files = (
			);
			runOnlyForDeploymentPostprocessing = 0;
		};
		8B8DFBF42CCF771800AB82CC /* Sources */ = {
			isa = PBXSourcesBuildPhase;
			buildActionMask = 2147483647;
			files = (
			);
			runOnlyForDeploymentPostprocessing = 0;
		};
		8B8DFBFE2CCF771800AB82CC /* Sources */ = {
			isa = PBXSourcesBuildPhase;
			buildActionMask = 2147483647;
			files = (
			);
			runOnlyForDeploymentPostprocessing = 0;
		};
/* End PBXSourcesBuildPhase section */

/* Begin PBXTargetDependency section */
		8B83650C2E914F1300892B70 /* PBXTargetDependency */ = {
			isa = PBXTargetDependency;
			target = 8B8365022E914F1200892B70 /* WatchBuddy Watch App */;
			targetProxy = 8B83650B2E914F1300892B70 /* PBXContainerItemProxy */;
		};
		8B8DFBFA2CCF771800AB82CC /* PBXTargetDependency */ = {
			isa = PBXTargetDependency;
			target = 8B8DFBE52CCF771700AB82CC /* soap */;
			targetProxy = 8B8DFBF92CCF771800AB82CC /* PBXContainerItemProxy */;
		};
		8B8DFC042CCF771800AB82CC /* PBXTargetDependency */ = {
			isa = PBXTargetDependency;
			target = 8B8DFBE52CCF771700AB82CC /* soap */;
			targetProxy = 8B8DFC032CCF771800AB82CC /* PBXContainerItemProxy */;
		};
/* End PBXTargetDependency section */

/* Begin XCBuildConfiguration section */
		8B83650F2E914F1300892B70 /* Debug */ = {
			isa = XCBuildConfiguration;
			buildSettings = {
				ASSETCATALOG_COMPILER_APPICON_NAME = AppIcon;
				ASSETCATALOG_COMPILER_GLOBAL_ACCENT_COLOR_NAME = AccentColor;
				CODE_SIGN_IDENTITY = "Apple Development";
				CODE_SIGN_STYLE = Automatic;
				CURRENT_PROJECT_VERSION = 1;
				DEVELOPMENT_TEAM = N5V8W52U3U;
				ENABLE_PREVIEWS = YES;
				GENERATE_INFOPLIST_FILE = YES;
				INFOPLIST_KEY_CFBundleDisplayName = Buddy;
				INFOPLIST_KEY_UISupportedInterfaceOrientations = "UIInterfaceOrientationPortrait UIInterfaceOrientationPortraitUpsideDown";
				INFOPLIST_KEY_WKCompanionAppBundleIdentifier = org.sparcs.soap;
				LD_RUNPATH_SEARCH_PATHS = (
					"$(inherited)",
					"@executable_path/Frameworks",
				);
				MARKETING_VERSION = 1.0;
				PRODUCT_BUNDLE_IDENTIFIER = org.sparcs.soap.watchkitapp;
				PRODUCT_NAME = "$(TARGET_NAME)";
				SDKROOT = watchos;
				SKIP_INSTALL = YES;
				STRING_CATALOG_GENERATE_SYMBOLS = YES;
				SWIFT_APPROACHABLE_CONCURRENCY = YES;
				SWIFT_DEFAULT_ACTOR_ISOLATION = MainActor;
				SWIFT_EMIT_LOC_STRINGS = YES;
				SWIFT_UPCOMING_FEATURE_MEMBER_IMPORT_VISIBILITY = YES;
				SWIFT_VERSION = 5.0;
				TARGETED_DEVICE_FAMILY = 4;
				WATCHOS_DEPLOYMENT_TARGET = 26.0;
			};
			name = Debug;
		};
		8B8365102E914F1300892B70 /* Release */ = {
			isa = XCBuildConfiguration;
			buildSettings = {
				ASSETCATALOG_COMPILER_APPICON_NAME = AppIcon;
				ASSETCATALOG_COMPILER_GLOBAL_ACCENT_COLOR_NAME = AccentColor;
				CODE_SIGN_IDENTITY = "Apple Development";
				CODE_SIGN_STYLE = Automatic;
				CURRENT_PROJECT_VERSION = 1;
				DEVELOPMENT_TEAM = N5V8W52U3U;
				ENABLE_PREVIEWS = YES;
				GENERATE_INFOPLIST_FILE = YES;
				INFOPLIST_KEY_CFBundleDisplayName = Buddy;
				INFOPLIST_KEY_UISupportedInterfaceOrientations = "UIInterfaceOrientationPortrait UIInterfaceOrientationPortraitUpsideDown";
				INFOPLIST_KEY_WKCompanionAppBundleIdentifier = org.sparcs.soap;
				LD_RUNPATH_SEARCH_PATHS = (
					"$(inherited)",
					"@executable_path/Frameworks",
				);
				MARKETING_VERSION = 1.0;
				PRODUCT_BUNDLE_IDENTIFIER = org.sparcs.soap.watchkitapp;
				PRODUCT_NAME = "$(TARGET_NAME)";
				SDKROOT = watchos;
				SKIP_INSTALL = YES;
				STRING_CATALOG_GENERATE_SYMBOLS = YES;
				SWIFT_APPROACHABLE_CONCURRENCY = YES;
				SWIFT_DEFAULT_ACTOR_ISOLATION = MainActor;
				SWIFT_EMIT_LOC_STRINGS = YES;
				SWIFT_UPCOMING_FEATURE_MEMBER_IMPORT_VISIBILITY = YES;
				SWIFT_VERSION = 5.0;
				TARGETED_DEVICE_FAMILY = 4;
				WATCHOS_DEPLOYMENT_TARGET = 26.0;
			};
			name = Release;
		};
		8B8DFC0A2CCF771800AB82CC /* Debug */ = {
			isa = XCBuildConfiguration;
			buildSettings = {
				ALWAYS_SEARCH_USER_PATHS = NO;
				ASSETCATALOG_COMPILER_GENERATE_SWIFT_ASSET_SYMBOL_EXTENSIONS = YES;
				CLANG_ANALYZER_NONNULL = YES;
				CLANG_ANALYZER_NUMBER_OBJECT_CONVERSION = YES_AGGRESSIVE;
				CLANG_CXX_LANGUAGE_STANDARD = "gnu++20";
				CLANG_ENABLE_MODULES = YES;
				CLANG_ENABLE_OBJC_ARC = YES;
				CLANG_ENABLE_OBJC_WEAK = YES;
				CLANG_WARN_BLOCK_CAPTURE_AUTORELEASING = YES;
				CLANG_WARN_BOOL_CONVERSION = YES;
				CLANG_WARN_COMMA = YES;
				CLANG_WARN_CONSTANT_CONVERSION = YES;
				CLANG_WARN_DEPRECATED_OBJC_IMPLEMENTATIONS = YES;
				CLANG_WARN_DIRECT_OBJC_ISA_USAGE = YES_ERROR;
				CLANG_WARN_DOCUMENTATION_COMMENTS = YES;
				CLANG_WARN_EMPTY_BODY = YES;
				CLANG_WARN_ENUM_CONVERSION = YES;
				CLANG_WARN_INFINITE_RECURSION = YES;
				CLANG_WARN_INT_CONVERSION = YES;
				CLANG_WARN_NON_LITERAL_NULL_CONVERSION = YES;
				CLANG_WARN_OBJC_IMPLICIT_RETAIN_SELF = YES;
				CLANG_WARN_OBJC_LITERAL_CONVERSION = YES;
				CLANG_WARN_OBJC_ROOT_CLASS = YES_ERROR;
				CLANG_WARN_QUOTED_INCLUDE_IN_FRAMEWORK_HEADER = YES;
				CLANG_WARN_RANGE_LOOP_ANALYSIS = YES;
				CLANG_WARN_STRICT_PROTOTYPES = YES;
				CLANG_WARN_SUSPICIOUS_MOVE = YES;
				CLANG_WARN_UNGUARDED_AVAILABILITY = YES_AGGRESSIVE;
				CLANG_WARN_UNREACHABLE_CODE = YES;
				CLANG_WARN__DUPLICATE_METHOD_MATCH = YES;
				COPY_PHASE_STRIP = NO;
				DEBUG_INFORMATION_FORMAT = dwarf;
				ENABLE_STRICT_OBJC_MSGSEND = YES;
				ENABLE_TESTABILITY = YES;
				ENABLE_USER_SCRIPT_SANDBOXING = YES;
				GCC_C_LANGUAGE_STANDARD = gnu17;
				GCC_DYNAMIC_NO_PIC = NO;
				GCC_NO_COMMON_BLOCKS = YES;
				GCC_OPTIMIZATION_LEVEL = 0;
				GCC_PREPROCESSOR_DEFINITIONS = (
					"DEBUG=1",
					"$(inherited)",
				);
				GCC_WARN_64_TO_32_BIT_CONVERSION = YES;
				GCC_WARN_ABOUT_RETURN_TYPE = YES_ERROR;
				GCC_WARN_UNDECLARED_SELECTOR = YES;
				GCC_WARN_UNINITIALIZED_AUTOS = YES_AGGRESSIVE;
				GCC_WARN_UNUSED_FUNCTION = YES;
				GCC_WARN_UNUSED_VARIABLE = YES;
				IPHONEOS_DEPLOYMENT_TARGET = 18.0;
				LOCALIZATION_PREFERS_STRING_CATALOGS = YES;
				MTL_ENABLE_DEBUG_INFO = INCLUDE_SOURCE;
				MTL_FAST_MATH = YES;
				ONLY_ACTIVE_ARCH = YES;
				SDKROOT = iphoneos;
				STRING_CATALOG_GENERATE_SYMBOLS = YES;
				SWIFT_ACTIVE_COMPILATION_CONDITIONS = "DEBUG $(inherited)";
				SWIFT_EMIT_LOC_STRINGS = NO;
				SWIFT_OPTIMIZATION_LEVEL = "-Onone";
			};
			name = Debug;
		};
		8B8DFC0B2CCF771800AB82CC /* Release */ = {
			isa = XCBuildConfiguration;
			buildSettings = {
				ALWAYS_SEARCH_USER_PATHS = NO;
				ASSETCATALOG_COMPILER_GENERATE_SWIFT_ASSET_SYMBOL_EXTENSIONS = YES;
				CLANG_ANALYZER_NONNULL = YES;
				CLANG_ANALYZER_NUMBER_OBJECT_CONVERSION = YES_AGGRESSIVE;
				CLANG_CXX_LANGUAGE_STANDARD = "gnu++20";
				CLANG_ENABLE_MODULES = YES;
				CLANG_ENABLE_OBJC_ARC = YES;
				CLANG_ENABLE_OBJC_WEAK = YES;
				CLANG_WARN_BLOCK_CAPTURE_AUTORELEASING = YES;
				CLANG_WARN_BOOL_CONVERSION = YES;
				CLANG_WARN_COMMA = YES;
				CLANG_WARN_CONSTANT_CONVERSION = YES;
				CLANG_WARN_DEPRECATED_OBJC_IMPLEMENTATIONS = YES;
				CLANG_WARN_DIRECT_OBJC_ISA_USAGE = YES_ERROR;
				CLANG_WARN_DOCUMENTATION_COMMENTS = YES;
				CLANG_WARN_EMPTY_BODY = YES;
				CLANG_WARN_ENUM_CONVERSION = YES;
				CLANG_WARN_INFINITE_RECURSION = YES;
				CLANG_WARN_INT_CONVERSION = YES;
				CLANG_WARN_NON_LITERAL_NULL_CONVERSION = YES;
				CLANG_WARN_OBJC_IMPLICIT_RETAIN_SELF = YES;
				CLANG_WARN_OBJC_LITERAL_CONVERSION = YES;
				CLANG_WARN_OBJC_ROOT_CLASS = YES_ERROR;
				CLANG_WARN_QUOTED_INCLUDE_IN_FRAMEWORK_HEADER = YES;
				CLANG_WARN_RANGE_LOOP_ANALYSIS = YES;
				CLANG_WARN_STRICT_PROTOTYPES = YES;
				CLANG_WARN_SUSPICIOUS_MOVE = YES;
				CLANG_WARN_UNGUARDED_AVAILABILITY = YES_AGGRESSIVE;
				CLANG_WARN_UNREACHABLE_CODE = YES;
				CLANG_WARN__DUPLICATE_METHOD_MATCH = YES;
				COPY_PHASE_STRIP = NO;
				DEBUG_INFORMATION_FORMAT = "dwarf-with-dsym";
				ENABLE_NS_ASSERTIONS = NO;
				ENABLE_STRICT_OBJC_MSGSEND = YES;
				ENABLE_USER_SCRIPT_SANDBOXING = YES;
				GCC_C_LANGUAGE_STANDARD = gnu17;
				GCC_NO_COMMON_BLOCKS = YES;
				GCC_WARN_64_TO_32_BIT_CONVERSION = YES;
				GCC_WARN_ABOUT_RETURN_TYPE = YES_ERROR;
				GCC_WARN_UNDECLARED_SELECTOR = YES;
				GCC_WARN_UNINITIALIZED_AUTOS = YES_AGGRESSIVE;
				GCC_WARN_UNUSED_FUNCTION = YES;
				GCC_WARN_UNUSED_VARIABLE = YES;
				IPHONEOS_DEPLOYMENT_TARGET = 18.0;
				LOCALIZATION_PREFERS_STRING_CATALOGS = YES;
				MTL_ENABLE_DEBUG_INFO = NO;
				MTL_FAST_MATH = YES;
				SDKROOT = iphoneos;
				STRING_CATALOG_GENERATE_SYMBOLS = YES;
				SWIFT_COMPILATION_MODE = wholemodule;
				SWIFT_EMIT_LOC_STRINGS = NO;
				VALIDATE_PRODUCT = YES;
			};
			name = Release;
		};
		8B8DFC0D2CCF771800AB82CC /* Debug */ = {
			isa = XCBuildConfiguration;
			buildSettings = {
				ASSETCATALOG_COMPILER_APPICON_NAME = AppIcon;
				ASSETCATALOG_COMPILER_GLOBAL_ACCENT_COLOR_NAME = AccentColor;
				CODE_SIGN_ENTITLEMENTS = soap/soap.entitlements;
				CODE_SIGN_IDENTITY = "Apple Development";
				CODE_SIGN_STYLE = Automatic;
				CURRENT_PROJECT_VERSION = 1;
				DEVELOPMENT_ASSET_PATHS = "\"soap/Preview Content\"";
				DEVELOPMENT_TEAM = N5V8W52U3U;
				ENABLE_PREVIEWS = YES;
				GENERATE_INFOPLIST_FILE = YES;
				INFOPLIST_FILE = soap/Info.plist;
				INFOPLIST_KEY_CFBundleDisplayName = Buddy;
				INFOPLIST_KEY_LSApplicationCategoryType = "public.app-category.utilities";
				INFOPLIST_KEY_UIApplicationSceneManifest_Generation = YES;
				INFOPLIST_KEY_UIApplicationSupportsIndirectInputEvents = YES;
				INFOPLIST_KEY_UILaunchScreen_Generation = YES;
				INFOPLIST_KEY_UISupportedInterfaceOrientations = UIInterfaceOrientationPortrait;
				INFOPLIST_KEY_UISupportedInterfaceOrientations_iPad = "UIInterfaceOrientationLandscapeLeft UIInterfaceOrientationLandscapeRight UIInterfaceOrientationPortrait UIInterfaceOrientationPortraitUpsideDown";
				IPHONEOS_DEPLOYMENT_TARGET = 26.0;
				LD_RUNPATH_SEARCH_PATHS = (
					"$(inherited)",
					"@executable_path/Frameworks",
				);
				MARKETING_VERSION = 1.0;
				PRODUCT_BUNDLE_IDENTIFIER = org.sparcs.soap;
				PRODUCT_NAME = "$(TARGET_NAME)";
				PROVISIONING_PROFILE_SPECIFIER = "";
				SUPPORTED_PLATFORMS = "iphoneos iphonesimulator";
				SUPPORTS_MACCATALYST = NO;
				SUPPORTS_MAC_DESIGNED_FOR_IPHONE_IPAD = NO;
				SUPPORTS_XR_DESIGNED_FOR_IPHONE_IPAD = NO;
				SWIFT_EMIT_LOC_STRINGS = YES;
				SWIFT_VERSION = 6.0;
				TARGETED_DEVICE_FAMILY = "1,2";
			};
			name = Debug;
		};
		8B8DFC0E2CCF771800AB82CC /* Release */ = {
			isa = XCBuildConfiguration;
			buildSettings = {
				ASSETCATALOG_COMPILER_APPICON_NAME = AppIcon;
				ASSETCATALOG_COMPILER_GLOBAL_ACCENT_COLOR_NAME = AccentColor;
				CODE_SIGN_ENTITLEMENTS = soap/soap.entitlements;
				CODE_SIGN_IDENTITY = "Apple Development";
				CODE_SIGN_STYLE = Automatic;
				CURRENT_PROJECT_VERSION = 1;
				DEVELOPMENT_ASSET_PATHS = "\"soap/Preview Content\"";
				DEVELOPMENT_TEAM = N5V8W52U3U;
				ENABLE_PREVIEWS = YES;
				GENERATE_INFOPLIST_FILE = YES;
				INFOPLIST_FILE = soap/Info.plist;
				INFOPLIST_KEY_CFBundleDisplayName = Buddy;
				INFOPLIST_KEY_LSApplicationCategoryType = "public.app-category.utilities";
				INFOPLIST_KEY_UIApplicationSceneManifest_Generation = YES;
				INFOPLIST_KEY_UIApplicationSupportsIndirectInputEvents = YES;
				INFOPLIST_KEY_UILaunchScreen_Generation = YES;
				INFOPLIST_KEY_UISupportedInterfaceOrientations = UIInterfaceOrientationPortrait;
				INFOPLIST_KEY_UISupportedInterfaceOrientations_iPad = "UIInterfaceOrientationLandscapeLeft UIInterfaceOrientationLandscapeRight UIInterfaceOrientationPortrait UIInterfaceOrientationPortraitUpsideDown";
				IPHONEOS_DEPLOYMENT_TARGET = 26.0;
				LD_RUNPATH_SEARCH_PATHS = (
					"$(inherited)",
					"@executable_path/Frameworks",
				);
				MARKETING_VERSION = 1.0;
				PRODUCT_BUNDLE_IDENTIFIER = org.sparcs.soap;
				PRODUCT_NAME = "$(TARGET_NAME)";
				PROVISIONING_PROFILE_SPECIFIER = "";
				SUPPORTED_PLATFORMS = "iphoneos iphonesimulator";
				SUPPORTS_MACCATALYST = NO;
				SUPPORTS_MAC_DESIGNED_FOR_IPHONE_IPAD = NO;
				SUPPORTS_XR_DESIGNED_FOR_IPHONE_IPAD = NO;
				SWIFT_EMIT_LOC_STRINGS = YES;
				SWIFT_VERSION = 6.0;
				TARGETED_DEVICE_FAMILY = "1,2";
			};
			name = Release;
		};
		8B8DFC102CCF771800AB82CC /* Debug */ = {
			isa = XCBuildConfiguration;
			buildSettings = {
				BUNDLE_LOADER = "$(TEST_HOST)";
				CODE_SIGN_STYLE = Automatic;
				CURRENT_PROJECT_VERSION = 1;
				DEVELOPMENT_TEAM = GK39GPB6KU;
				GENERATE_INFOPLIST_FILE = YES;
				IPHONEOS_DEPLOYMENT_TARGET = 26.0;
				MARKETING_VERSION = 1.0;
				PRODUCT_BUNDLE_IDENTIFIER = me.soongyu.soapTests;
				PRODUCT_NAME = "$(TARGET_NAME)";
				SWIFT_EMIT_LOC_STRINGS = NO;
				SWIFT_VERSION = 5.0;
				TARGETED_DEVICE_FAMILY = "1,2";
				TEST_HOST = "$(BUILT_PRODUCTS_DIR)/soap.app/$(BUNDLE_EXECUTABLE_FOLDER_PATH)/soap";
			};
			name = Debug;
		};
		8B8DFC112CCF771800AB82CC /* Release */ = {
			isa = XCBuildConfiguration;
			buildSettings = {
				BUNDLE_LOADER = "$(TEST_HOST)";
				CODE_SIGN_STYLE = Automatic;
				CURRENT_PROJECT_VERSION = 1;
				DEVELOPMENT_TEAM = GK39GPB6KU;
				GENERATE_INFOPLIST_FILE = YES;
				IPHONEOS_DEPLOYMENT_TARGET = 26.0;
				MARKETING_VERSION = 1.0;
				PRODUCT_BUNDLE_IDENTIFIER = me.soongyu.soapTests;
				PRODUCT_NAME = "$(TARGET_NAME)";
				SWIFT_EMIT_LOC_STRINGS = NO;
				SWIFT_VERSION = 5.0;
				TARGETED_DEVICE_FAMILY = "1,2";
				TEST_HOST = "$(BUILT_PRODUCTS_DIR)/soap.app/$(BUNDLE_EXECUTABLE_FOLDER_PATH)/soap";
			};
			name = Release;
		};
		8B8DFC132CCF771800AB82CC /* Debug */ = {
			isa = XCBuildConfiguration;
			buildSettings = {
				CODE_SIGN_STYLE = Automatic;
				CURRENT_PROJECT_VERSION = 1;
				DEVELOPMENT_TEAM = GK39GPB6KU;
				GENERATE_INFOPLIST_FILE = YES;
				IPHONEOS_DEPLOYMENT_TARGET = 26.0;
				MARKETING_VERSION = 1.0;
				PRODUCT_BUNDLE_IDENTIFIER = me.soongyu.soapUITests;
				PRODUCT_NAME = "$(TARGET_NAME)";
				SWIFT_EMIT_LOC_STRINGS = NO;
				SWIFT_VERSION = 5.0;
				TARGETED_DEVICE_FAMILY = "1,2";
				TEST_TARGET_NAME = soap;
			};
			name = Debug;
		};
		8B8DFC142CCF771800AB82CC /* Release */ = {
			isa = XCBuildConfiguration;
			buildSettings = {
				CODE_SIGN_STYLE = Automatic;
				CURRENT_PROJECT_VERSION = 1;
				DEVELOPMENT_TEAM = GK39GPB6KU;
				GENERATE_INFOPLIST_FILE = YES;
				IPHONEOS_DEPLOYMENT_TARGET = 26.0;
				MARKETING_VERSION = 1.0;
				PRODUCT_BUNDLE_IDENTIFIER = me.soongyu.soapUITests;
				PRODUCT_NAME = "$(TARGET_NAME)";
				SWIFT_EMIT_LOC_STRINGS = NO;
				SWIFT_VERSION = 5.0;
				TARGETED_DEVICE_FAMILY = "1,2";
				TEST_TARGET_NAME = soap;
			};
			name = Release;
		};
/* End XCBuildConfiguration section */

/* Begin XCConfigurationList section */
		8B83650E2E914F1300892B70 /* Build configuration list for PBXNativeTarget "WatchBuddy Watch App" */ = {
			isa = XCConfigurationList;
			buildConfigurations = (
				8B83650F2E914F1300892B70 /* Debug */,
				8B8365102E914F1300892B70 /* Release */,
			);
			defaultConfigurationIsVisible = 0;
			defaultConfigurationName = Release;
		};
		8B8DFBE12CCF771700AB82CC /* Build configuration list for PBXProject "soap" */ = {
			isa = XCConfigurationList;
			buildConfigurations = (
				8B8DFC0A2CCF771800AB82CC /* Debug */,
				8B8DFC0B2CCF771800AB82CC /* Release */,
			);
			defaultConfigurationIsVisible = 0;
			defaultConfigurationName = Release;
		};
		8B8DFC0C2CCF771800AB82CC /* Build configuration list for PBXNativeTarget "soap" */ = {
			isa = XCConfigurationList;
			buildConfigurations = (
				8B8DFC0D2CCF771800AB82CC /* Debug */,
				8B8DFC0E2CCF771800AB82CC /* Release */,
			);
			defaultConfigurationIsVisible = 0;
			defaultConfigurationName = Release;
		};
		8B8DFC0F2CCF771800AB82CC /* Build configuration list for PBXNativeTarget "soapTests" */ = {
			isa = XCConfigurationList;
			buildConfigurations = (
				8B8DFC102CCF771800AB82CC /* Debug */,
				8B8DFC112CCF771800AB82CC /* Release */,
			);
			defaultConfigurationIsVisible = 0;
			defaultConfigurationName = Release;
		};
		8B8DFC122CCF771800AB82CC /* Build configuration list for PBXNativeTarget "soapUITests" */ = {
			isa = XCConfigurationList;
			buildConfigurations = (
				8B8DFC132CCF771800AB82CC /* Debug */,
				8B8DFC142CCF771800AB82CC /* Release */,
			);
			defaultConfigurationIsVisible = 0;
			defaultConfigurationName = Release;
		};
/* End XCConfigurationList section */

/* Begin XCRemoteSwiftPackageReference section */
		8B2AF35B2E1DB57800648F86 /* XCRemoteSwiftPackageReference "keychain-swift" */ = {
			isa = XCRemoteSwiftPackageReference;
			repositoryURL = "https://github.com/evgenyneu/keychain-swift.git";
			requirement = {
				kind = upToNextMajorVersion;
				minimumVersion = 24.0.0;
			};
		};
		8B2AF35E2E1DB70200648F86 /* XCRemoteSwiftPackageReference "SwiftyBeaver" */ = {
			isa = XCRemoteSwiftPackageReference;
			repositoryURL = "https://github.com/SwiftyBeaver/SwiftyBeaver.git";
			requirement = {
				kind = upToNextMajorVersion;
				minimumVersion = 2.1.1;
			};
		};
		8B5073DD2E851F79007E9C27 /* XCRemoteSwiftPackageReference "firebase-ios-sdk" */ = {
			isa = XCRemoteSwiftPackageReference;
			repositoryURL = "https://github.com/firebase/firebase-ios-sdk";
			requirement = {
				kind = upToNextMajorVersion;
				minimumVersion = 12.3.0;
			};
		};
		8B6B2B492E2878CD00D13D50 /* XCRemoteSwiftPackageReference "Nuke" */ = {
			isa = XCRemoteSwiftPackageReference;
			repositoryURL = "https://github.com/kean/Nuke.git";
			requirement = {
				kind = upToNextMajorVersion;
				minimumVersion = 12.8.0;
			};
		};
		8B7C19DA2E1DAE8900DB2D21 /* XCRemoteSwiftPackageReference "Factory" */ = {
			isa = XCRemoteSwiftPackageReference;
			repositoryURL = "https://github.com/hmlongco/Factory.git";
			requirement = {
				kind = upToNextMajorVersion;
				minimumVersion = 2.5.3;
			};
		};
		8B7C19E12E1DAEEB00DB2D21 /* XCRemoteSwiftPackageReference "Moya" */ = {
			isa = XCRemoteSwiftPackageReference;
			repositoryURL = "https://github.com/Moya/Moya.git";
			requirement = {
				kind = upToNextMajorVersion;
				minimumVersion = 15.0.3;
			};
		};
		8BD304592E26392300B17695 /* XCRemoteSwiftPackageReference "socket" */ = {
			isa = XCRemoteSwiftPackageReference;
			repositoryURL = "https://github.com/socketio/socket.io-client-swift";
			requirement = {
				branch = master;
				kind = branch;
			};
		};
/* End XCRemoteSwiftPackageReference section */

/* Begin XCSwiftPackageProductDependency section */
		8B2AF35C2E1DB57800648F86 /* KeychainSwift */ = {
			isa = XCSwiftPackageProductDependency;
			package = 8B2AF35B2E1DB57800648F86 /* XCRemoteSwiftPackageReference "keychain-swift" */;
			productName = KeychainSwift;
		};
		8B2AF35F2E1DB70200648F86 /* SwiftyBeaver */ = {
			isa = XCSwiftPackageProductDependency;
			package = 8B2AF35E2E1DB70200648F86 /* XCRemoteSwiftPackageReference "SwiftyBeaver" */;
			productName = SwiftyBeaver;
		};
		8B5073DE2E851F79007E9C27 /* FirebaseAnalytics */ = {
			isa = XCSwiftPackageProductDependency;
			package = 8B5073DD2E851F79007E9C27 /* XCRemoteSwiftPackageReference "firebase-ios-sdk" */;
			productName = FirebaseAnalytics;
		};
		8B5073E02E851F79007E9C27 /* FirebaseAnalyticsCore */ = {
			isa = XCSwiftPackageProductDependency;
			package = 8B5073DD2E851F79007E9C27 /* XCRemoteSwiftPackageReference "firebase-ios-sdk" */;
			productName = FirebaseAnalyticsCore;
		};
		8B5073E22E851F79007E9C27 /* FirebaseAnalyticsIdentitySupport */ = {
			isa = XCSwiftPackageProductDependency;
			package = 8B5073DD2E851F79007E9C27 /* XCRemoteSwiftPackageReference "firebase-ios-sdk" */;
			productName = FirebaseAnalyticsIdentitySupport;
		};
		8B5073E42E851F79007E9C27 /* FirebaseCore */ = {
			isa = XCSwiftPackageProductDependency;
			package = 8B5073DD2E851F79007E9C27 /* XCRemoteSwiftPackageReference "firebase-ios-sdk" */;
			productName = FirebaseCore;
		};
		8B5073E62E851F79007E9C27 /* FirebaseCrashlytics */ = {
			isa = XCSwiftPackageProductDependency;
			package = 8B5073DD2E851F79007E9C27 /* XCRemoteSwiftPackageReference "firebase-ios-sdk" */;
			productName = FirebaseCrashlytics;
		};
		8B5073E82E851F79007E9C27 /* FirebaseMessaging */ = {
			isa = XCSwiftPackageProductDependency;
			package = 8B5073DD2E851F79007E9C27 /* XCRemoteSwiftPackageReference "firebase-ios-sdk" */;
			productName = FirebaseMessaging;
		};
		8B6B2B4A2E2878CD00D13D50 /* Nuke */ = {
			isa = XCSwiftPackageProductDependency;
			package = 8B6B2B492E2878CD00D13D50 /* XCRemoteSwiftPackageReference "Nuke" */;
			productName = Nuke;
		};
		8B6B2B4C2E2878CD00D13D50 /* NukeExtensions */ = {
			isa = XCSwiftPackageProductDependency;
			package = 8B6B2B492E2878CD00D13D50 /* XCRemoteSwiftPackageReference "Nuke" */;
			productName = NukeExtensions;
		};
		8B6B2B4E2E2878CD00D13D50 /* NukeUI */ = {
			isa = XCSwiftPackageProductDependency;
			package = 8B6B2B492E2878CD00D13D50 /* XCRemoteSwiftPackageReference "Nuke" */;
			productName = NukeUI;
		};
		8B6B2B502E2878CD00D13D50 /* NukeVideo */ = {
			isa = XCSwiftPackageProductDependency;
			package = 8B6B2B492E2878CD00D13D50 /* XCRemoteSwiftPackageReference "Nuke" */;
			productName = NukeVideo;
		};
		8B7C19DB2E1DAE8900DB2D21 /* Factory */ = {
			isa = XCSwiftPackageProductDependency;
			package = 8B7C19DA2E1DAE8900DB2D21 /* XCRemoteSwiftPackageReference "Factory" */;
			productName = Factory;
		};
		8B7C19DD2E1DAE8900DB2D21 /* FactoryKit */ = {
			isa = XCSwiftPackageProductDependency;
			package = 8B7C19DA2E1DAE8900DB2D21 /* XCRemoteSwiftPackageReference "Factory" */;
			productName = FactoryKit;
		};
		8B7C19E22E1DAEEB00DB2D21 /* CombineMoya */ = {
			isa = XCSwiftPackageProductDependency;
			package = 8B7C19E12E1DAEEB00DB2D21 /* XCRemoteSwiftPackageReference "Moya" */;
			productName = CombineMoya;
		};
		8B7C19E42E1DAEEB00DB2D21 /* Moya */ = {
			isa = XCSwiftPackageProductDependency;
			package = 8B7C19E12E1DAEEB00DB2D21 /* XCRemoteSwiftPackageReference "Moya" */;
			productName = Moya;
		};
		8BD3045A2E26392300B17695 /* SocketIO */ = {
			isa = XCSwiftPackageProductDependency;
			package = 8BD304592E26392300B17695 /* XCRemoteSwiftPackageReference "socket" */;
			productName = SocketIO;
		};
/* End XCSwiftPackageProductDependency section */
	};
	rootObject = 8B8DFBDE2CCF771700AB82CC /* Project object */;
}
